// !$*UTF8*$!
{
	archiveVersion = 1;
	classes = {
	};
	objectVersion = 46;
	objects = {

/* Begin PBXBuildFile section */
		A3B99F621800F5F800DC3534 /* Foundation.framework in Frameworks */ = {isa = PBXBuildFile; fileRef = A3B99F611800F5F800DC3534 /* Foundation.framework */; };
		A3B99F641800F5F800DC3534 /* CoreGraphics.framework in Frameworks */ = {isa = PBXBuildFile; fileRef = A3B99F631800F5F800DC3534 /* CoreGraphics.framework */; };
		A3B99F661800F5F800DC3534 /* UIKit.framework in Frameworks */ = {isa = PBXBuildFile; fileRef = A3B99F651800F5F800DC3534 /* UIKit.framework */; };
		A3B99F6C1800F5F800DC3534 /* InfoPlist.strings in Resources */ = {isa = PBXBuildFile; fileRef = A3B99F6A1800F5F800DC3534 /* InfoPlist.strings */; };
		A3B99F6E1800F5F800DC3534 /* main.m in Sources */ = {isa = PBXBuildFile; fileRef = A3B99F6D1800F5F800DC3534 /* main.m */; };
		A3B99F721800F5F800DC3534 /* AppDelegate.m in Sources */ = {isa = PBXBuildFile; fileRef = A3B99F711800F5F800DC3534 /* AppDelegate.m */; };
		A3B99F751800F5F800DC3534 /* Main.storyboard in Resources */ = {isa = PBXBuildFile; fileRef = A3B99F731800F5F800DC3534 /* Main.storyboard */; };
		A3B99F781800F5F800DC3534 /* ViewController.m in Sources */ = {isa = PBXBuildFile; fileRef = A3B99F771800F5F800DC3534 /* ViewController.m */; };
		A3B99F7A1800F5F800DC3534 /* Images.xcassets in Resources */ = {isa = PBXBuildFile; fileRef = A3B99F791800F5F800DC3534 /* Images.xcassets */; };
		A3B99F811800F5F800DC3534 /* XCTest.framework in Frameworks */ = {isa = PBXBuildFile; fileRef = A3B99F801800F5F800DC3534 /* XCTest.framework */; };
		A3B99F821800F5F800DC3534 /* Foundation.framework in Frameworks */ = {isa = PBXBuildFile; fileRef = A3B99F611800F5F800DC3534 /* Foundation.framework */; };
		A3B99F831800F5F800DC3534 /* UIKit.framework in Frameworks */ = {isa = PBXBuildFile; fileRef = A3B99F651800F5F800DC3534 /* UIKit.framework */; };
		A3B99F8B1800F5F800DC3534 /* InfoPlist.strings in Resources */ = {isa = PBXBuildFile; fileRef = A3B99F891800F5F800DC3534 /* InfoPlist.strings */; };
		A3B99F8D1800F5F800DC3534 /* MyFirstAppTests.m in Sources */ = {isa = PBXBuildFile; fileRef = A3B99F8C1800F5F800DC3534 /* MyFirstAppTests.m */; };
		A3B99F991800F77500DC3534 /* earth.png in Resources */ = {isa = PBXBuildFile; fileRef = A3B99F961800F77500DC3534 /* earth.png */; };
		A3B99F9A1800F77500DC3534 /* icon.png in Resources */ = {isa = PBXBuildFile; fileRef = A3B99F971800F77500DC3534 /* icon.png */; };
		A3B99F9B1800F77500DC3534 /* wine_rose_256.png in Resources */ = {isa = PBXBuildFile; fileRef = A3B99F981800F77500DC3534 /* wine_rose_256.png */; };
/* End PBXBuildFile section */

/* Begin PBXContainerItemProxy section */
		A3B99F841800F5F800DC3534 /* PBXContainerItemProxy */ = {
			isa = PBXContainerItemProxy;
			containerPortal = A3B99F561800F5F800DC3534 /* Project object */;
			proxyType = 1;
			remoteGlobalIDString = A3B99F5D1800F5F800DC3534;
			remoteInfo = MyFirstApp;
		};
/* End PBXContainerItemProxy section */

/* Begin PBXFileReference section */
		A3B99F5E1800F5F800DC3534 /* MyFirstApp.app */ = {isa = PBXFileReference; explicitFileType = wrapper.application; includeInIndex = 0; path = MyFirstApp.app; sourceTree = BUILT_PRODUCTS_DIR; };
		A3B99F611800F5F800DC3534 /* Foundation.framework */ = {isa = PBXFileReference; lastKnownFileType = wrapper.framework; name = Foundation.framework; path = System/Library/Frameworks/Foundation.framework; sourceTree = SDKROOT; };
		A3B99F631800F5F800DC3534 /* CoreGraphics.framework */ = {isa = PBXFileReference; lastKnownFileType = wrapper.framework; name = CoreGraphics.framework; path = System/Library/Frameworks/CoreGraphics.framework; sourceTree = SDKROOT; };
		A3B99F651800F5F800DC3534 /* UIKit.framework */ = {isa = PBXFileReference; lastKnownFileType = wrapper.framework; name = UIKit.framework; path = System/Library/Frameworks/UIKit.framework; sourceTree = SDKROOT; };
		A3B99F691800F5F800DC3534 /* MyFirstApp-Info.plist */ = {isa = PBXFileReference; lastKnownFileType = text.plist.xml; path = "MyFirstApp-Info.plist"; sourceTree = "<group>"; };
		A3B99F6B1800F5F800DC3534 /* en */ = {isa = PBXFileReference; lastKnownFileType = text.plist.strings; name = en; path = en.lproj/InfoPlist.strings; sourceTree = "<group>"; };
		A3B99F6D1800F5F800DC3534 /* main.m */ = {isa = PBXFileReference; lastKnownFileType = sourcecode.c.objc; path = main.m; sourceTree = "<group>"; };
		A3B99F6F1800F5F800DC3534 /* MyFirstApp-Prefix.pch */ = {isa = PBXFileReference; lastKnownFileType = sourcecode.c.h; path = "MyFirstApp-Prefix.pch"; sourceTree = "<group>"; };
		A3B99F701800F5F800DC3534 /* AppDelegate.h */ = {isa = PBXFileReference; lastKnownFileType = sourcecode.c.h; path = AppDelegate.h; sourceTree = "<group>"; };
		A3B99F711800F5F800DC3534 /* AppDelegate.m */ = {isa = PBXFileReference; lastKnownFileType = sourcecode.c.objc; path = AppDelegate.m; sourceTree = "<group>"; };
		A3B99F741800F5F800DC3534 /* Base */ = {isa = PBXFileReference; lastKnownFileType = file.storyboard; name = Base; path = Base.lproj/Main.storyboard; sourceTree = "<group>"; };
		A3B99F761800F5F800DC3534 /* ViewController.h */ = {isa = PBXFileReference; lastKnownFileType = sourcecode.c.h; path = ViewController.h; sourceTree = "<group>"; };
		A3B99F771800F5F800DC3534 /* ViewController.m */ = {isa = PBXFileReference; lastKnownFileType = sourcecode.c.objc; path = ViewController.m; sourceTree = "<group>"; };
		A3B99F791800F5F800DC3534 /* Images.xcassets */ = {isa = PBXFileReference; lastKnownFileType = folder.assetcatalog; path = Images.xcassets; sourceTree = "<group>"; };
		A3B99F7F1800F5F800DC3534 /* MyFirstAppTests.xctest */ = {isa = PBXFileReference; explicitFileType = wrapper.cfbundle; includeInIndex = 0; path = MyFirstAppTests.xctest; sourceTree = BUILT_PRODUCTS_DIR; };
		A3B99F801800F5F800DC3534 /* XCTest.framework */ = {isa = PBXFileReference; lastKnownFileType = wrapper.framework; name = XCTest.framework; path = Library/Frameworks/XCTest.framework; sourceTree = DEVELOPER_DIR; };
		A3B99F881800F5F800DC3534 /* MyFirstAppTests-Info.plist */ = {isa = PBXFileReference; lastKnownFileType = text.plist.xml; path = "MyFirstAppTests-Info.plist"; sourceTree = "<group>"; };
		A3B99F8A1800F5F800DC3534 /* en */ = {isa = PBXFileReference; lastKnownFileType = text.plist.strings; name = en; path = en.lproj/InfoPlist.strings; sourceTree = "<group>"; };
		A3B99F8C1800F5F800DC3534 /* MyFirstAppTests.m */ = {isa = PBXFileReference; lastKnownFileType = sourcecode.c.objc; path = MyFirstAppTests.m; sourceTree = "<group>"; };
		A3B99F961800F77500DC3534 /* earth.png */ = {isa = PBXFileReference; lastKnownFileType = image.png; path = earth.png; sourceTree = "<group>"; };
		A3B99F971800F77500DC3534 /* icon.png */ = {isa = PBXFileReference; lastKnownFileType = image.png; path = icon.png; sourceTree = "<group>"; };
		A3B99F981800F77500DC3534 /* wine_rose_256.png */ = {isa = PBXFileReference; lastKnownFileType = image.png; path = wine_rose_256.png; sourceTree = "<group>"; };
/* End PBXFileReference section */

/* Begin PBXFrameworksBuildPhase section */
		A3B99F5B1800F5F800DC3534 /* Frameworks */ = {
			isa = PBXFrameworksBuildPhase;
			buildActionMask = 2147483647;
			files = (
				A3B99F641800F5F800DC3534 /* CoreGraphics.framework in Frameworks */,
				A3B99F661800F5F800DC3534 /* UIKit.framework in Frameworks */,
				A3B99F621800F5F800DC3534 /* Foundation.framework in Frameworks */,
			);
			runOnlyForDeploymentPostprocessing = 0;
		};
		A3B99F7C1800F5F800DC3534 /* Frameworks */ = {
			isa = PBXFrameworksBuildPhase;
			buildActionMask = 2147483647;
			files = (
				A3B99F811800F5F800DC3534 /* XCTest.framework in Frameworks */,
				A3B99F831800F5F800DC3534 /* UIKit.framework in Frameworks */,
				A3B99F821800F5F800DC3534 /* Foundation.framework in Frameworks */,
			);
			runOnlyForDeploymentPostprocessing = 0;
		};
/* End PBXFrameworksBuildPhase section */

/* Begin PBXGroup section */
		A3B99F551800F5F800DC3534 = {
			isa = PBXGroup;
			children = (
				A3B99F961800F77500DC3534 /* earth.png */,
				A3B99F971800F77500DC3534 /* icon.png */,
				A3B99F981800F77500DC3534 /* wine_rose_256.png */,
				A3B99F671800F5F800DC3534 /* MyFirstApp */,
				A3B99F861800F5F800DC3534 /* MyFirstAppTests */,
				A3B99F601800F5F800DC3534 /* Frameworks */,
				A3B99F5F1800F5F800DC3534 /* Products */,
			);
			sourceTree = "<group>";
		};
		A3B99F5F1800F5F800DC3534 /* Products */ = {
			isa = PBXGroup;
			children = (
				A3B99F5E1800F5F800DC3534 /* MyFirstApp.app */,
				A3B99F7F1800F5F800DC3534 /* MyFirstAppTests.xctest */,
			);
			name = Products;
			sourceTree = "<group>";
		};
		A3B99F601800F5F800DC3534 /* Frameworks */ = {
			isa = PBXGroup;
			children = (
				A3B99F611800F5F800DC3534 /* Foundation.framework */,
				A3B99F631800F5F800DC3534 /* CoreGraphics.framework */,
				A3B99F651800F5F800DC3534 /* UIKit.framework */,
				A3B99F801800F5F800DC3534 /* XCTest.framework */,
			);
			name = Frameworks;
			sourceTree = "<group>";
		};
		A3B99F671800F5F800DC3534 /* MyFirstApp */ = {
			isa = PBXGroup;
			children = (
				A3B99F701800F5F800DC3534 /* AppDelegate.h */,
				A3B99F711800F5F800DC3534 /* AppDelegate.m */,
				A3B99F731800F5F800DC3534 /* Main.storyboard */,
				A3B99F761800F5F800DC3534 /* ViewController.h */,
				A3B99F771800F5F800DC3534 /* ViewController.m */,
				A3B99F791800F5F800DC3534 /* Images.xcassets */,
				A3B99F681800F5F800DC3534 /* Supporting Files */,
			);
			path = MyFirstApp;
			sourceTree = "<group>";
		};
		A3B99F681800F5F800DC3534 /* Supporting Files */ = {
			isa = PBXGroup;
			children = (
				A3B99F691800F5F800DC3534 /* MyFirstApp-Info.plist */,
				A3B99F6A1800F5F800DC3534 /* InfoPlist.strings */,
				A3B99F6D1800F5F800DC3534 /* main.m */,
				A3B99F6F1800F5F800DC3534 /* MyFirstApp-Prefix.pch */,
			);
			name = "Supporting Files";
			sourceTree = "<group>";
		};
		A3B99F861800F5F800DC3534 /* MyFirstAppTests */ = {
			isa = PBXGroup;
			children = (
				A3B99F8C1800F5F800DC3534 /* MyFirstAppTests.m */,
				A3B99F871800F5F800DC3534 /* Supporting Files */,
			);
			path = MyFirstAppTests;
			sourceTree = "<group>";
		};
		A3B99F871800F5F800DC3534 /* Supporting Files */ = {
			isa = PBXGroup;
			children = (
				A3B99F881800F5F800DC3534 /* MyFirstAppTests-Info.plist */,
				A3B99F891800F5F800DC3534 /* InfoPlist.strings */,
			);
			name = "Supporting Files";
			sourceTree = "<group>";
		};
/* End PBXGroup section */

/* Begin PBXNativeTarget section */
		A3B99F5D1800F5F800DC3534 /* MyFirstApp */ = {
			isa = PBXNativeTarget;
			buildConfigurationList = A3B99F901800F5F800DC3534 /* Build configuration list for PBXNativeTarget "MyFirstApp" */;
			buildPhases = (
				A3B99F5A1800F5F800DC3534 /* Sources */,
				A3B99F5B1800F5F800DC3534 /* Frameworks */,
				A3B99F5C1800F5F800DC3534 /* Resources */,
			);
			buildRules = (
			);
			dependencies = (
			);
			name = MyFirstApp;
			productName = MyFirstApp;
			productReference = A3B99F5E1800F5F800DC3534 /* MyFirstApp.app */;
			productType = "com.apple.product-type.application";
		};
		A3B99F7E1800F5F800DC3534 /* MyFirstAppTests */ = {
			isa = PBXNativeTarget;
			buildConfigurationList = A3B99F931800F5F800DC3534 /* Build configuration list for PBXNativeTarget "MyFirstAppTests" */;
			buildPhases = (
				A3B99F7B1800F5F800DC3534 /* Sources */,
				A3B99F7C1800F5F800DC3534 /* Frameworks */,
				A3B99F7D1800F5F800DC3534 /* Resources */,
			);
			buildRules = (
			);
			dependencies = (
				A3B99F851800F5F800DC3534 /* PBXTargetDependency */,
			);
			name = MyFirstAppTests;
			productName = MyFirstAppTests;
			productReference = A3B99F7F1800F5F800DC3534 /* MyFirstAppTests.xctest */;
			productType = "com.apple.product-type.bundle.unit-test";
		};
/* End PBXNativeTarget section */

/* Begin PBXProject section */
		A3B99F561800F5F800DC3534 /* Project object */ = {
			isa = PBXProject;
			attributes = {
				LastUpgradeCheck = 0500;
				ORGANIZATIONNAME = "Jingqiang Zhang";
				TargetAttributes = {
					A3B99F7E1800F5F800DC3534 = {
						TestTargetID = A3B99F5D1800F5F800DC3534;
					};
				};
			};
			buildConfigurationList = A3B99F591800F5F800DC3534 /* Build configuration list for PBXProject "MyFirstApp" */;
			compatibilityVersion = "Xcode 3.2";
			developmentRegion = English;
			hasScannedForEncodings = 0;
			knownRegions = (
				en,
				Base,
			);
			mainGroup = A3B99F551800F5F800DC3534;
			productRefGroup = A3B99F5F1800F5F800DC3534 /* Products */;
			projectDirPath = "";
			projectRoot = "";
			targets = (
				A3B99F5D1800F5F800DC3534 /* MyFirstApp */,
				A3B99F7E1800F5F800DC3534 /* MyFirstAppTests */,
			);
		};
/* End PBXProject section */

/* Begin PBXResourcesBuildPhase section */
		A3B99F5C1800F5F800DC3534 /* Resources */ = {
			isa = PBXResourcesBuildPhase;
			buildActionMask = 2147483647;
			files = (
				A3B99F991800F77500DC3534 /* earth.png in Resources */,
				A3B99F9A1800F77500DC3534 /* icon.png in Resources */,
				A3B99F7A1800F5F800DC3534 /* Images.xcassets in Resources */,
				A3B99F9B1800F77500DC3534 /* wine_rose_256.png in Resources */,
				A3B99F6C1800F5F800DC3534 /* InfoPlist.strings in Resources */,
				A3B99F751800F5F800DC3534 /* Main.storyboard in Resources */,
			);
			runOnlyForDeploymentPostprocessing = 0;
		};
		A3B99F7D1800F5F800DC3534 /* Resources */ = {
			isa = PBXResourcesBuildPhase;
			buildActionMask = 2147483647;
			files = (
				A3B99F8B1800F5F800DC3534 /* InfoPlist.strings in Resources */,
			);
			runOnlyForDeploymentPostprocessing = 0;
		};
/* End PBXResourcesBuildPhase section */

/* Begin PBXSourcesBuildPhase section */
		A3B99F5A1800F5F800DC3534 /* Sources */ = {
			isa = PBXSourcesBuildPhase;
			buildActionMask = 2147483647;
			files = (
				A3B99F781800F5F800DC3534 /* ViewController.m in Sources */,
				A3B99F721800F5F800DC3534 /* AppDelegate.m in Sources */,
				A3B99F6E1800F5F800DC3534 /* main.m in Sources */,
			);
			runOnlyForDeploymentPostprocessing = 0;
		};
		A3B99F7B1800F5F800DC3534 /* Sources */ = {
			isa = PBXSourcesBuildPhase;
			buildActionMask = 2147483647;
			files = (
				A3B99F8D1800F5F800DC3534 /* MyFirstAppTests.m in Sources */,
			);
			runOnlyForDeploymentPostprocessing = 0;
		};
/* End PBXSourcesBuildPhase section */

/* Begin PBXTargetDependency section */
		A3B99F851800F5F800DC3534 /* PBXTargetDependency */ = {
			isa = PBXTargetDependency;
			target = A3B99F5D1800F5F800DC3534 /* MyFirstApp */;
			targetProxy = A3B99F841800F5F800DC3534 /* PBXContainerItemProxy */;
		};
/* End PBXTargetDependency section */

/* Begin PBXVariantGroup section */
		A3B99F6A1800F5F800DC3534 /* InfoPlist.strings */ = {
			isa = PBXVariantGroup;
			children = (
				A3B99F6B1800F5F800DC3534 /* en */,
			);
			name = InfoPlist.strings;
			sourceTree = "<group>";
		};
		A3B99F731800F5F800DC3534 /* Main.storyboard */ = {
			isa = PBXVariantGroup;
			children = (
				A3B99F741800F5F800DC3534 /* Base */,
			);
			name = Main.storyboard;
			sourceTree = "<group>";
		};
		A3B99F891800F5F800DC3534 /* InfoPlist.strings */ = {
			isa = PBXVariantGroup;
			children = (
				A3B99F8A1800F5F800DC3534 /* en */,
			);
			name = InfoPlist.strings;
			sourceTree = "<group>";
		};
/* End PBXVariantGroup section */

/* Begin XCBuildConfiguration section */
		A3B99F8E1800F5F800DC3534 /* Debug */ = {
			isa = XCBuildConfiguration;
			buildSettings = {
				ALWAYS_SEARCH_USER_PATHS = NO;
				ARCHS = "$(ARCHS_STANDARD_INCLUDING_64_BIT)";
				CLANG_CXX_LANGUAGE_STANDARD = "gnu++0x";
				CLANG_CXX_LIBRARY = "libc++";
				CLANG_ENABLE_MODULES = YES;
				CLANG_ENABLE_OBJC_ARC = YES;
				CLANG_WARN_BOOL_CONVERSION = YES;
				CLANG_WARN_CONSTANT_CONVERSION = YES;
				CLANG_WARN_DIRECT_OBJC_ISA_USAGE = YES_ERROR;
				CLANG_WARN_EMPTY_BODY = YES;
				CLANG_WARN_ENUM_CONVERSION = YES;
				CLANG_WARN_INT_CONVERSION = YES;
				CLANG_WARN_OBJC_ROOT_CLASS = YES_ERROR;
				CLANG_WARN__DUPLICATE_METHOD_MATCH = YES;
				"CODE_SIGN_IDENTITY[sdk=iphoneos*]" = "iPhone Developer";
				COPY_PHASE_STRIP = NO;
				GCC_C_LANGUAGE_STANDARD = gnu99;
				GCC_DYNAMIC_NO_PIC = NO;
				GCC_OPTIMIZATION_LEVEL = 0;
				GCC_PREPROCESSOR_DEFINITIONS = (
					"DEBUG=1",
					"$(inherited)",
				);
				GCC_SYMBOLS_PRIVATE_EXTERN = NO;
				GCC_WARN_64_TO_32_BIT_CONVERSION = YES;
				GCC_WARN_ABOUT_RETURN_TYPE = YES_ERROR;
				GCC_WARN_UNDECLARED_SELECTOR = YES;
				GCC_WARN_UNINITIALIZED_AUTOS = YES;
				GCC_WARN_UNUSED_FUNCTION = YES;
				GCC_WARN_UNUSED_VARIABLE = YES;
				IPHONEOS_DEPLOYMENT_TARGET = 7.0;
				ONLY_ACTIVE_ARCH = YES;
				SDKROOT = iphoneos;
			};
			name = Debug;
		};
		A3B99F8F1800F5F800DC3534 /* Release */ = {
			isa = XCBuildConfiguration;
			buildSettings = {
				ALWAYS_SEARCH_USER_PATHS = NO;
				ARCHS = "$(ARCHS_STANDARD_INCLUDING_64_BIT)";
				CLANG_CXX_LANGUAGE_STANDARD = "gnu++0x";
				CLANG_CXX_LIBRARY = "libc++";
				CLANG_ENABLE_MODULES = YES;
				CLANG_ENABLE_OBJC_ARC = YES;
				CLANG_WARN_BOOL_CONVERSION = YES;
				CLANG_WARN_CONSTANT_CONVERSION = YES;
				CLANG_WARN_DIRECT_OBJC_ISA_USAGE = YES_ERROR;
				CLANG_WARN_EMPTY_BODY = YES;
				CLANG_WARN_ENUM_CONVERSION = YES;
				CLANG_WARN_INT_CONVERSION = YES;
				CLANG_WARN_OBJC_ROOT_CLASS = YES_ERROR;
				CLANG_WARN__DUPLICATE_METHOD_MATCH = YES;
				"CODE_SIGN_IDENTITY[sdk=iphoneos*]" = "iPhone Developer";
				COPY_PHASE_STRIP = YES;
				ENABLE_NS_ASSERTIONS = NO;
				GCC_C_LANGUAGE_STANDARD = gnu99;
				GCC_WARN_64_TO_32_BIT_CONVERSION = YES;
				GCC_WARN_ABOUT_RETURN_TYPE = YES_ERROR;
				GCC_WARN_UNDECLARED_SELECTOR = YES;
				GCC_WARN_UNINITIALIZED_AUTOS = YES;
				GCC_WARN_UNUSED_FUNCTION = YES;
				GCC_WARN_UNUSED_VARIABLE = YES;
				IPHONEOS_DEPLOYMENT_TARGET = 7.0;
				SDKROOT = iphoneos;
				VALIDATE_PRODUCT = YES;
			};
			name = Release;
		};
		A3B99F911800F5F800DC3534 /* Debug */ = {
			isa = XCBuildConfiguration;
			buildSettings = {
				ASSETCATALOG_COMPILER_APPICON_NAME = AppIcon;
				ASSETCATALOG_COMPILER_LAUNCHIMAGE_NAME = LaunchImage;
				GCC_PRECOMPILE_PREFIX_HEADER = YES;
				GCC_PREFIX_HEADER = "MyFirstApp/MyFirstApp-Prefix.pch";
				INFOPLIST_FILE = "MyFirstApp/MyFirstApp-Info.plist";
				PRODUCT_NAME = "$(TARGET_NAME)";
				WRAPPER_EXTENSION = app;
			};
			name = Debug;
		};
		A3B99F921800F5F800DC3534 /* Release */ = {
			isa = XCBuildConfiguration;
			buildSettings = {
				ASSETCATALOG_COMPILER_APPICON_NAME = AppIcon;
				ASSETCATALOG_COMPILER_LAUNCHIMAGE_NAME = LaunchImage;
				GCC_PRECOMPILE_PREFIX_HEADER = YES;
				GCC_PREFIX_HEADER = "MyFirstApp/MyFirstApp-Prefix.pch";
				INFOPLIST_FILE = "MyFirstApp/MyFirstApp-Info.plist";
				PRODUCT_NAME = "$(TARGET_NAME)";
				WRAPPER_EXTENSION = app;
			};
			name = Release;
		};
		A3B99F941800F5F800DC3534 /* Debug */ = {
			isa = XCBuildConfiguration;
			buildSettings = {
				ARCHS = "$(ARCHS_STANDARD_INCLUDING_64_BIT)";
				BUNDLE_LOADER = "$(BUILT_PRODUCTS_DIR)/MyFirstApp.app/MyFirstApp";
				FRAMEWORK_SEARCH_PATHS = (
					"$(SDKROOT)/Developer/Library/Frameworks",
					"$(inherited)",
					"$(DEVELOPER_FRAMEWORKS_DIR)",
				);
				GCC_PRECOMPILE_PREFIX_HEADER = YES;
				GCC_PREFIX_HEADER = "MyFirstApp/MyFirstApp-Prefix.pch";
				GCC_PREPROCESSOR_DEFINITIONS = (
					"DEBUG=1",
					"$(inherited)",
				);
				INFOPLIST_FILE = "MyFirstAppTests/MyFirstAppTests-Info.plist";
				PRODUCT_NAME = "$(TARGET_NAME)";
				TEST_HOST = "$(BUNDLE_LOADER)";
				WRAPPER_EXTENSION = xctest;
			};
			name = Debug;
		};
		A3B99F951800F5F800DC3534 /* Release */ = {
			isa = XCBuildConfiguration;
			buildSettings = {
				ARCHS = "$(ARCHS_STANDARD_INCLUDING_64_BIT)";
				BUNDLE_LOADER = "$(BUILT_PRODUCTS_DIR)/MyFirstApp.app/MyFirstApp";
				FRAMEWORK_SEARCH_PATHS = (
					"$(SDKROOT)/Developer/Library/Frameworks",
					"$(inherited)",
					"$(DEVELOPER_FRAMEWORKS_DIR)",
				);
				GCC_PRECOMPILE_PREFIX_HEADER = YES;
				GCC_PREFIX_HEADER = "MyFirstApp/MyFirstApp-Prefix.pch";
				INFOPLIST_FILE = "MyFirstAppTests/MyFirstAppTests-Info.plist";
				PRODUCT_NAME = "$(TARGET_NAME)";
				TEST_HOST = "$(BUNDLE_LOADER)";
				WRAPPER_EXTENSION = xctest;
			};
			name = Release;
		};
/* End XCBuildConfiguration section */

/* Begin XCConfigurationList section */
		A3B99F591800F5F800DC3534 /* Build configuration list for PBXProject "MyFirstApp" */ = {
			isa = XCConfigurationList;
			buildConfigurations = (
				A3B99F8E1800F5F800DC3534 /* Debug */,
				A3B99F8F1800F5F800DC3534 /* Release */,
			);
			defaultConfigurationIsVisible = 0;
			defaultConfigurationName = Release;
		};
		A3B99F901800F5F800DC3534 /* Build configuration list for PBXNativeTarget "MyFirstApp" */ = {
			isa = XCConfigurationList;
			buildConfigurations = (
				A3B99F911800F5F800DC3534 /* Debug */,
				A3B99F921800F5F800DC3534 /* Release */,
			);
			defaultConfigurationIsVisible = 0;
		};
		A3B99F931800F5F800DC3534 /* Build configuration list for PBXNativeTarget "MyFirstAppTests" */ = {
			isa = XCConfigurationList;
			buildConfigurations = (
				A3B99F941800F5F800DC3534 /* Debug */,
				A3B99F951800F5F800DC3534 /* Release */,
			);
			defaultConfigurationIsVisible = 0;
		};
/* End XCConfigurationList section */
	};
	rootObject = A3B99F561800F5F800DC3534 /* Project object */;
}
